<?xml version="1.0" encoding="utf-8"?>
<Project ToolsVersion="4.0" xmlns="http://schemas.microsoft.com/developer/msbuild/2003">
  <ItemGroup>
    <Filter Include="src">
      <UniqueIdentifier>{27cf1d40-f08e-474e-82c5-40591f50f2de}</UniqueIdentifier>
    </Filter>
    <Filter Include="src\engine">
      <UniqueIdentifier>{e91cac3a-6a01-4570-8e65-3e641b7c373d}</UniqueIdentifier>
    </Filter>
    <Filter Include="src\engine\graphics">
      <UniqueIdentifier>{d4ae0545-efb1-4a7e-93a8-8edf434d7326}</UniqueIdentifier>
    </Filter>
    <Filter Include="src\engine\network">
      <UniqueIdentifier>{814b1610-46d2-4acc-bdce-8d99f876b613}</UniqueIdentifier>
    </Filter>
    <Filter Include="src\engine\utils">
      <UniqueIdentifier>{41122b05-520d-4e05-b6db-b68e504debc9}</UniqueIdentifier>
    </Filter>
    <Filter Include="src\engine\world">
      <UniqueIdentifier>{2c7da10d-620c-4007-af17-37c1818aead8}</UniqueIdentifier>
    </Filter>
    <Filter Include="src\engine\math">
      <UniqueIdentifier>{d88927e2-a0d1-40cb-81be-a522bf79c283}</UniqueIdentifier>
    </Filter>
    <Filter Include="src\content">
      <UniqueIdentifier>{135e3344-01dd-4c31-9376-b78779fa7a7f}</UniqueIdentifier>
    </Filter>
    <Filter Include="src\content\test">
      <UniqueIdentifier>{9f679856-9d8a-40e0-b769-7b506640af19}</UniqueIdentifier>
    </Filter>
  </ItemGroup>
  <ItemGroup>
    <ClCompile Include="src\Main.cpp">
      <Filter>src</Filter>
    </ClCompile>
    <ClCompile Include="src\engine\network\Connection.cpp">
      <Filter>src\engine\network</Filter>
    </ClCompile>
    <ClCompile Include="src\engine\network\Packet.cpp">
      <Filter>src\engine\network</Filter>
    </ClCompile>
    <ClCompile Include="src\engine\graphics\DirectX.cpp">
      <Filter>src\engine\graphics</Filter>
    </ClCompile>
    <ClCompile Include="src\engine\graphics\Graphics.cpp">
      <Filter>src\engine\graphics</Filter>
    </ClCompile>
    <ClCompile Include="src\engine\Engine.cpp">
      <Filter>src\engine</Filter>
    </ClCompile>
    <ClCompile Include="src\engine\world\Scene.cpp">
      <Filter>src\engine\world</Filter>
    </ClCompile>
    <ClCompile Include="src\engine\world\GameObject.cpp">
      <Filter>src\engine\world</Filter>
    </ClCompile>
    <ClCompile Include="src\engine\math\Vector.cpp">
      <Filter>src\engine\math</Filter>
    </ClCompile>
    <ClCompile Include="src\engine\world\Cell.cpp" />
    <ClCompile Include="src\engine\graphics\Mesh.cpp">
      <Filter>src\engine\graphics</Filter>
    </ClCompile>
    <ClCompile Include="src\engine\math\Color.cpp" />
  </ItemGroup>
  <ItemGroup>
    <ClInclude Include="src\engine\network\Connection.h">
      <Filter>src\engine\network</Filter>
    </ClInclude>
    <ClInclude Include="src\engine\network\Packet.h">
      <Filter>src\engine\network</Filter>
    </ClInclude>
    <ClInclude Include="src\engine\graphics\Graphics.h">
      <Filter>src\engine\graphics</Filter>
    </ClInclude>
    <ClInclude Include="src\engine\graphics\DirectX.h">
      <Filter>src\engine\graphics</Filter>
    </ClInclude>
    <ClInclude Include="src\engine\utils\Debug.h">
      <Filter>src\engine\utils</Filter>
    </ClInclude>
    <ClInclude Include="src\engine\utils\Memory.h">
      <Filter>src\engine\utils</Filter>
    </ClInclude>
    <ClInclude Include="src\engine\Engine.h">
      <Filter>src\engine</Filter>
    </ClInclude>
    <ClInclude Include="src\engine\world\Scene.h">
      <Filter>src\engine\world</Filter>
    </ClInclude>
    <ClInclude Include="src\engine\world\GameObject.h">
      <Filter>src\engine\world</Filter>
    </ClInclude>
    <ClInclude Include="src\engine\math\Vector.h">
      <Filter>src\engine\math</Filter>
    </ClInclude>
    <ClInclude Include="src\engine\world\Cell.h" />
    <ClInclude Include="src\engine\graphics\Mesh.h">
      <Filter>src\engine\graphics</Filter>
    </ClInclude>
    <ClInclude Include="src\engine\math\Color.h" />
  </ItemGroup>
</Project>