<?xml version="1.0" encoding="utf-8"?>
<Project ToolsVersion="4.0" xmlns="http://schemas.microsoft.com/developer/msbuild/2003">
  <ItemGroup>
    <Filter Include="shaders">
      <UniqueIdentifier>{105da953-ac5f-40ab-bb72-5565dd929577}</UniqueIdentifier>
    </Filter>
    <Filter Include="network">
      <UniqueIdentifier>{814b1610-46d2-4acc-bdce-8d99f876b613}</UniqueIdentifier>
    </Filter>
    <Filter Include="components">
      <UniqueIdentifier>{a40a03f6-0afa-45b9-b304-4c7ab8620bf6}</UniqueIdentifier>
    </Filter>
  </ItemGroup>
  <ItemGroup>
    <ClCompile Include="components\camera.cpp">
      <Filter>components</Filter>
    </ClCompile>
    <ClCompile Include="components\model.cpp">
      <Filter>components</Filter>
    </ClCompile>
    <ClCompile Include="components\text.cpp">
      <Filter>components</Filter>
    </ClCompile>
    <ClCompile Include="network\connection.cpp">
      <Filter>network</Filter>
    </ClCompile>
    <ClCompile Include="network\packet.cpp">
      <Filter>network</Filter>
    </ClCompile>
    <ClCompile Include="application.cpp" />
    <ClCompile Include="main.cpp" />
    <ClCompile Include="stdafx_client.cpp" />
  </ItemGroup>
  <ItemGroup>
    <ClInclude Include="components\camera.h">
      <Filter>components</Filter>
    </ClInclude>
    <ClInclude Include="components\model.h">
      <Filter>components</Filter>
    </ClInclude>
    <ClInclude Include="components\text.h">
      <Filter>components</Filter>
    </ClInclude>
    <ClInclude Include="network\connection.h">
      <Filter>network</Filter>
    </ClInclude>
    <ClInclude Include="network\packet.h">
      <Filter>network</Filter>
    </ClInclude>
    <ClInclude Include="application.h" />
    <ClInclude Include="stdafx_client.h" />
  </ItemGroup>
  <ItemGroup>
    <FxCompile Include="shaders\default_ps.hlsl">
      <Filter>shaders</Filter>
    </FxCompile>
    <FxCompile Include="shaders\default_vs.hlsl">
      <Filter>shaders</Filter>
    </FxCompile>
    <FxCompile Include="shaders\font_ps.hlsl">
      <Filter>shaders</Filter>
    </FxCompile>
    <FxCompile Include="shaders\font_vs.hlsl">
      <Filter>shaders</Filter>
    </FxCompile>
  </ItemGroup>
  <ItemGroup>
    <None Include="packages.config" />
  </ItemGroup>
</Project>