<?xml version="1.0" encoding="utf-8"?>
<Project ToolsVersion="4.0" xmlns="http://schemas.microsoft.com/developer/msbuild/2003">
  <ItemGroup>
    <Filter Include="src">
      <UniqueIdentifier>{27cf1d40-f08e-474e-82c5-40591f50f2de}</UniqueIdentifier>
    </Filter>
    <Filter Include="src\base">
      <UniqueIdentifier>{e91cac3a-6a01-4570-8e65-3e641b7c373d}</UniqueIdentifier>
    </Filter>
    <Filter Include="src\base\graphics">
      <UniqueIdentifier>{d4ae0545-efb1-4a7e-93a8-8edf434d7326}</UniqueIdentifier>
    </Filter>
    <Filter Include="src\base\network">
      <UniqueIdentifier>{814b1610-46d2-4acc-bdce-8d99f876b613}</UniqueIdentifier>
    </Filter>
    <Filter Include="src\base\utils">
      <UniqueIdentifier>{41122b05-520d-4e05-b6db-b68e504debc9}</UniqueIdentifier>
    </Filter>
    <Filter Include="data">
      <UniqueIdentifier>{c3d50d9b-54f4-4a2f-8fe3-6edb3ba7339d}</UniqueIdentifier>
    </Filter>
    <Filter Include="data\meshes">
      <UniqueIdentifier>{e1429088-e6f2-4ca7-a57a-5c61a68e2da6}</UniqueIdentifier>
    </Filter>
    <Filter Include="data\shaders">
      <UniqueIdentifier>{6c84471a-da65-48fa-8d4c-fd38b77d953c}</UniqueIdentifier>
    </Filter>
    <Filter Include="src\base\content">
      <UniqueIdentifier>{2c7da10d-620c-4007-af17-37c1818aead8}</UniqueIdentifier>
    </Filter>
    <Filter Include="src\base\content\components">
      <UniqueIdentifier>{a40a03f6-0afa-45b9-b304-4c7ab8620bf6}</UniqueIdentifier>
    </Filter>
    <Filter Include="data\textures">
      <UniqueIdentifier>{e406450e-0643-4a3a-9519-542f07350ae5}</UniqueIdentifier>
    </Filter>
    <Filter Include="src\base\input">
      <UniqueIdentifier>{6b07f1dc-e3ea-4689-84bc-5117e9518491}</UniqueIdentifier>
    </Filter>
    <Filter Include="src\base\math">
      <UniqueIdentifier>{6bbdc746-4baf-4301-acd1-4f676f957eda}</UniqueIdentifier>
    </Filter>
  </ItemGroup>
  <ItemGroup>
    <ClCompile Include="src\base\graphics\shader.cpp">
      <Filter>src\base\graphics</Filter>
    </ClCompile>
    <ClCompile Include="src\base\network\connection.cpp">
      <Filter>src\base\network</Filter>
    </ClCompile>
    <ClCompile Include="src\base\network\packet.cpp">
      <Filter>src\base\network</Filter>
    </ClCompile>
    <ClCompile Include="src\main.cpp">
      <Filter>src</Filter>
    </ClCompile>
    <ClCompile Include="src\base\content\components\material.cpp">
      <Filter>src\base\content\components</Filter>
    </ClCompile>
    <ClCompile Include="src\base\content\component.cpp">
      <Filter>src\base\content</Filter>
    </ClCompile>
    <ClCompile Include="src\base\content\game_object.cpp">
      <Filter>src\base\content</Filter>
    </ClCompile>
    <ClCompile Include="src\base\content\scene.cpp">
      <Filter>src\base\content</Filter>
    </ClCompile>
    <ClCompile Include="src\base\content\components\mesh.cpp">
      <Filter>src\base\content\components</Filter>
    </ClCompile>
    <ClCompile Include="src\base\content\components\camera.cpp">
      <Filter>src\base\content\components</Filter>
    </ClCompile>
    <ClCompile Include="src\base\app.cpp">
      <Filter>src\base</Filter>
    </ClCompile>
    <ClCompile Include="src\base\time.cpp">
      <Filter>src\base</Filter>
    </ClCompile>
    <ClCompile Include="src\base\graphics\texture.cpp">
      <Filter>src\base\graphics</Filter>
    </ClCompile>
    <ClCompile Include="src\base\input\input.cpp">
      <Filter>src\base\input</Filter>
    </ClCompile>
    <ClCompile Include="src\base\graphics\d3d.cpp">
      <Filter>src\base\graphics</Filter>
    </ClCompile>
    <ClCompile Include="src\base\math\quaternion.cpp">
      <Filter>src\base\math</Filter>
    </ClCompile>
    <ClCompile Include="src\base\math\vector.cpp">
      <Filter>src\base\math</Filter>
    </ClCompile>
    <ClCompile Include="src\base\graphics\mesh_buffer.cpp">
      <Filter>src\base\graphics</Filter>
    </ClCompile>
    <ClCompile Include="src\base\content\components\movement.cpp">
      <Filter>src\base\content\components</Filter>
    </ClCompile>
    <ClCompile Include="src\base\math\color.cpp">
      <Filter>src\base\math</Filter>
    </ClCompile>
  </ItemGroup>
  <ItemGroup>
    <ClInclude Include="src\base\graphics\shader.h">
      <Filter>src\base\graphics</Filter>
    </ClInclude>
    <ClInclude Include="src\base\network\connection.h">
      <Filter>src\base\network</Filter>
    </ClInclude>
    <ClInclude Include="src\base\network\packet.h">
      <Filter>src\base\network</Filter>
    </ClInclude>
    <ClInclude Include="src\base\utils\debug.h">
      <Filter>src\base\utils</Filter>
    </ClInclude>
    <ClInclude Include="src\base\utils\memory.h">
      <Filter>src\base\utils</Filter>
    </ClInclude>
    <ClInclude Include="src\base\content\components\material.h">
      <Filter>src\base\content\components</Filter>
    </ClInclude>
    <ClInclude Include="src\base\content\component.h">
      <Filter>src\base\content</Filter>
    </ClInclude>
    <ClInclude Include="src\base\content\game_object.h">
      <Filter>src\base\content</Filter>
    </ClInclude>
    <ClInclude Include="src\base\content\scene.h">
      <Filter>src\base\content</Filter>
    </ClInclude>
    <ClInclude Include="src\base\content\components\mesh.h">
      <Filter>src\base\content\components</Filter>
    </ClInclude>
    <ClInclude Include="src\base\content\components\camera.h">
      <Filter>src\base\content\components</Filter>
    </ClInclude>
    <ClInclude Include="src\base\app.h">
      <Filter>src\base</Filter>
    </ClInclude>
    <ClInclude Include="src\base\time.h">
      <Filter>src\base</Filter>
    </ClInclude>
    <ClInclude Include="src\base\graphics\texture.h">
      <Filter>src\base\graphics</Filter>
    </ClInclude>
    <ClInclude Include="src\base\input\input.h">
      <Filter>src\base\input</Filter>
    </ClInclude>
    <ClInclude Include="src\base\graphics\d3d.h">
      <Filter>src\base\graphics</Filter>
    </ClInclude>
    <ClInclude Include="src\base\math\quaternion.h">
      <Filter>src\base\math</Filter>
    </ClInclude>
    <ClInclude Include="src\base\math\vector.h">
      <Filter>src\base\math</Filter>
    </ClInclude>
    <ClInclude Include="src\base\graphics\mesh_buffer.h">
      <Filter>src\base\graphics</Filter>
    </ClInclude>
    <ClInclude Include="src\base\content\components\movement.h">
      <Filter>src\base\content\components</Filter>
    </ClInclude>
    <ClInclude Include="src\base\math\color.h">
      <Filter>src\base\math</Filter>
    </ClInclude>
    <ClInclude Include="src\base\math\math.h" />
  </ItemGroup>
  <ItemGroup>
    <None Include="packages.config" />
  </ItemGroup>
  <ItemGroup>
    <Image Include="data\textures\placeholder.jpg">
      <Filter>data\textures</Filter>
    </Image>
  </ItemGroup>
  <ItemGroup>
    <Text Include="data\meshes\cube.txt">
      <Filter>data\meshes</Filter>
    </Text>
  </ItemGroup>
  <ItemGroup>
    <FxCompile Include="data\shaders\default_vs.hlsl">
      <Filter>data\shaders</Filter>
    </FxCompile>
    <FxCompile Include="data\shaders\default_ps.hlsl">
      <Filter>data\shaders</Filter>
    </FxCompile>
  </ItemGroup>
</Project>