<?xml version="1.0" encoding="utf-8"?>
<Project ToolsVersion="4.0" xmlns="http://schemas.microsoft.com/developer/msbuild/2003">
  <ItemGroup>
    <Filter Include="src">
      <UniqueIdentifier>{27cf1d40-f08e-474e-82c5-40591f50f2de}</UniqueIdentifier>
    </Filter>
    <Filter Include="src\core">
      <UniqueIdentifier>{e91cac3a-6a01-4570-8e65-3e641b7c373d}</UniqueIdentifier>
    </Filter>
    <Filter Include="src\core\graphics">
      <UniqueIdentifier>{d4ae0545-efb1-4a7e-93a8-8edf434d7326}</UniqueIdentifier>
    </Filter>
    <Filter Include="src\core\network">
      <UniqueIdentifier>{814b1610-46d2-4acc-bdce-8d99f876b613}</UniqueIdentifier>
    </Filter>
    <Filter Include="src\core\gui">
      <UniqueIdentifier>{d22f8c8a-4bfc-4df4-9c6b-29cc9a89836c}</UniqueIdentifier>
    </Filter>
  </ItemGroup>
  <ItemGroup>
    <ClCompile Include="src\core\Game.cpp">
      <Filter>src\core</Filter>
    </ClCompile>
    <ClCompile Include="src\core\graphics\DirectX.cpp">
      <Filter>src\core\graphics</Filter>
    </ClCompile>
    <ClCompile Include="src\core\graphics\Graphics.cpp">
      <Filter>src\core\graphics</Filter>
    </ClCompile>
    <ClCompile Include="src\core\network\Client.cpp">
      <Filter>src\core\network</Filter>
    </ClCompile>
    <ClCompile Include="src\core\network\Packet.cpp">
      <Filter>src\core\network</Filter>
    </ClCompile>
    <ClCompile Include="src\Main.cpp">
      <Filter>src</Filter>
    </ClCompile>
    <ClCompile Include="src\core\gui\Window.cpp">
      <Filter>src\core\gui</Filter>
    </ClCompile>
    <ClCompile Include="src\core\gui\Interface.cpp">
      <Filter>src\core\gui</Filter>
    </ClCompile>
  </ItemGroup>
  <ItemGroup>
    <ClInclude Include="src\core\Game.h">
      <Filter>src\core</Filter>
    </ClInclude>
    <ClInclude Include="src\core\graphics\DirectX.h">
      <Filter>src\core\graphics</Filter>
    </ClInclude>
    <ClInclude Include="src\core\graphics\Graphics.h">
      <Filter>src\core\graphics</Filter>
    </ClInclude>
    <ClInclude Include="src\core\network\Client.h">
      <Filter>src\core\network</Filter>
    </ClInclude>
    <ClInclude Include="src\core\network\Packet.h">
      <Filter>src\core\network</Filter>
    </ClInclude>
    <ClInclude Include="src\core\gui\Window.h">
      <Filter>src\core\gui</Filter>
    </ClInclude>
    <ClInclude Include="src\core\gui\Interface.h">
      <Filter>src\core\gui</Filter>
    </ClInclude>
  </ItemGroup>
</Project>