<?xml version="1.0" encoding="utf-8"?>
<Project ToolsVersion="4.0" xmlns="http://schemas.microsoft.com/developer/msbuild/2003">
  <ItemGroup>
    <Filter Include="src">
      <UniqueIdentifier>{27cf1d40-f08e-474e-82c5-40591f50f2de}</UniqueIdentifier>
    </Filter>
    <Filter Include="src\engine">
      <UniqueIdentifier>{e91cac3a-6a01-4570-8e65-3e641b7c373d}</UniqueIdentifier>
    </Filter>
    <Filter Include="src\engine\graphics">
      <UniqueIdentifier>{d4ae0545-efb1-4a7e-93a8-8edf434d7326}</UniqueIdentifier>
    </Filter>
    <Filter Include="src\engine\network">
      <UniqueIdentifier>{814b1610-46d2-4acc-bdce-8d99f876b613}</UniqueIdentifier>
    </Filter>
    <Filter Include="src\engine\utils">
      <UniqueIdentifier>{41122b05-520d-4e05-b6db-b68e504debc9}</UniqueIdentifier>
    </Filter>
  </ItemGroup>
  <ItemGroup>
    <ClCompile Include="src\Main.cpp">
      <Filter>src</Filter>
    </ClCompile>
    <ClCompile Include="src\engine\network\Connection.cpp">
      <Filter>src\engine\network</Filter>
    </ClCompile>
    <ClCompile Include="src\engine\network\Packet.cpp">
      <Filter>src\engine\network</Filter>
    </ClCompile>
    <ClCompile Include="src\engine\graphics\DirectX.cpp">
      <Filter>src\engine\graphics</Filter>
    </ClCompile>
    <ClCompile Include="src\engine\graphics\Graphics.cpp">
      <Filter>src\engine\graphics</Filter>
    </ClCompile>
    <ClCompile Include="src\engine\Engine.cpp">
      <Filter>src\engine</Filter>
    </ClCompile>
  </ItemGroup>
  <ItemGroup>
    <ClInclude Include="src\engine\network\Connection.h">
      <Filter>src\engine\network</Filter>
    </ClInclude>
    <ClInclude Include="src\engine\network\Packet.h">
      <Filter>src\engine\network</Filter>
    </ClInclude>
    <ClInclude Include="src\engine\graphics\Graphics.h">
      <Filter>src\engine\graphics</Filter>
    </ClInclude>
    <ClInclude Include="src\engine\graphics\DirectX.h">
      <Filter>src\engine\graphics</Filter>
    </ClInclude>
    <ClInclude Include="src\engine\utils\Memory.h" />
    <ClInclude Include="src\engine\Engine.h">
      <Filter>src\engine</Filter>
    </ClInclude>
  </ItemGroup>
</Project>