
Microsoft Visual Studio Solution File, Format Version 12.00
# Visual Studio 15
VisualStudioVersion = 15.0.27130.2010
MinimumVisualStudioVersion = 10.0.40219.1
Project("{8BC9CEB8-8B4A-11D0-8D11-00A0C91BC942}") = "Client", "client\Client.vcxproj", "{97560842-44DD-46B5-9756-ED7D75D68EBB}"
EndProject
Project("{8BC9CEB8-8B4A-11D0-8D11-00A0C91BC942}") = "Server", "server\Server.vcxproj", "{14EBA9EB-996A-40EC-AEC3-C4217EC03975}"
EndProject
Global
	GlobalSection(SolutionConfigurationPlatforms) = preSolution
		debug|x64 = debug|x64
		debug|x86 = debug|x86
		release|x64 = release|x64
		release|x86 = release|x86
	EndGlobalSection
	GlobalSection(ProjectConfigurationPlatforms) = postSolution
		{97560842-44DD-46B5-9756-ED7D75D68EBB}.debug|x64.ActiveCfg = debug|x64
		{97560842-44DD-46B5-9756-ED7D75D68EBB}.debug|x64.Build.0 = debug|x64
		{97560842-44DD-46B5-9756-ED7D75D68EBB}.debug|x86.ActiveCfg = debug|Win32
		{97560842-44DD-46B5-9756-ED7D75D68EBB}.debug|x86.Build.0 = debug|Win32
		{97560842-44DD-46B5-9756-ED7D75D68EBB}.release|x64.ActiveCfg = release|x64
		{97560842-44DD-46B5-9756-ED7D75D68EBB}.release|x64.Build.0 = release|x64
		{97560842-44DD-46B5-9756-ED7D75D68EBB}.release|x86.ActiveCfg = release|Win32
		{97560842-44DD-46B5-9756-ED7D75D68EBB}.release|x86.Build.0 = release|Win32
		{14EBA9EB-996A-40EC-AEC3-C4217EC03975}.debug|x64.ActiveCfg = debug|x64
		{14EBA9EB-996A-40EC-AEC3-C4217EC03975}.debug|x64.Build.0 = debug|x64
		{14EBA9EB-996A-40EC-AEC3-C4217EC03975}.debug|x86.ActiveCfg = debug|Win32
		{14EBA9EB-996A-40EC-AEC3-C4217EC03975}.debug|x86.Build.0 = debug|Win32
		{14EBA9EB-996A-40EC-AEC3-C4217EC03975}.release|x64.ActiveCfg = release|x64
		{14EBA9EB-996A-40EC-AEC3-C4217EC03975}.release|x64.Build.0 = release|x64
		{14EBA9EB-996A-40EC-AEC3-C4217EC03975}.release|x86.ActiveCfg = release|Win32
		{14EBA9EB-996A-40EC-AEC3-C4217EC03975}.release|x86.Build.0 = release|Win32
	EndGlobalSection
	GlobalSection(SolutionProperties) = preSolution
		HideSolutionNode = FALSE
	EndGlobalSection
	GlobalSection(ExtensibilityGlobals) = postSolution
		SolutionGuid = {A5537792-5363-4409-8D44-44841B73852B}
	EndGlobalSection
EndGlobal
