
Microsoft Visual Studio Solution File, Format Version 12.00
# Visual Studio 15
VisualStudioVersion = 15.0.27130.2027
MinimumVisualStudioVersion = 10.0.40219.1
Project("{8BC9CEB8-8B4A-11D0-8D11-00A0C91BC942}") = "server", "server\server.vcxproj", "{14EBA9EB-996A-40EC-AEC3-C4217EC03975}"
EndProject
Project("{8BC9CEB8-8B4A-11D0-8D11-00A0C91BC942}") = "editor", "editor\editor.vcxproj", "{8E428987-DAA4-4F72-B541-69025A5E6EB9}"
EndProject
Project("{8BC9CEB8-8B4A-11D0-8D11-00A0C91BC942}") = "shared", "shared\shared.vcxitems", "{E3CFCA99-6E3E-46B8-8CF2-28DBEBCA00FD}"
EndProject
Project("{8BC9CEB8-8B4A-11D0-8D11-00A0C91BC942}") = "client", "client\client.vcxproj", "{97560842-44DD-46B5-9756-ED7D75D68EBB}"
EndProject
Global
	GlobalSection(SharedMSBuildProjectFiles) = preSolution
		shared\shared.vcxitems*{8e428987-daa4-4f72-b541-69025a5e6eb9}*SharedItemsImports = 4
		shared\shared.vcxitems*{97560842-44dd-46b5-9756-ed7d75d68ebb}*SharedItemsImports = 4
		shared\shared.vcxitems*{e3cfca99-6e3e-46b8-8cf2-28dbebca00fd}*SharedItemsImports = 9
	EndGlobalSection
	GlobalSection(SolutionConfigurationPlatforms) = preSolution
		debug|x64 = debug|x64
		debug|x86 = debug|x86
		release|x64 = release|x64
		release|x86 = release|x86
	EndGlobalSection
	GlobalSection(ProjectConfigurationPlatforms) = postSolution
		{14EBA9EB-996A-40EC-AEC3-C4217EC03975}.debug|x64.ActiveCfg = debug|x64
		{14EBA9EB-996A-40EC-AEC3-C4217EC03975}.debug|x64.Build.0 = debug|x64
		{14EBA9EB-996A-40EC-AEC3-C4217EC03975}.debug|x86.ActiveCfg = debug|Win32
		{14EBA9EB-996A-40EC-AEC3-C4217EC03975}.debug|x86.Build.0 = debug|Win32
		{14EBA9EB-996A-40EC-AEC3-C4217EC03975}.release|x64.ActiveCfg = release|x64
		{14EBA9EB-996A-40EC-AEC3-C4217EC03975}.release|x64.Build.0 = release|x64
		{14EBA9EB-996A-40EC-AEC3-C4217EC03975}.release|x86.ActiveCfg = release|Win32
		{14EBA9EB-996A-40EC-AEC3-C4217EC03975}.release|x86.Build.0 = release|Win32
		{8E428987-DAA4-4F72-B541-69025A5E6EB9}.debug|x64.ActiveCfg = Debug|x64
		{8E428987-DAA4-4F72-B541-69025A5E6EB9}.debug|x64.Build.0 = Debug|x64
		{8E428987-DAA4-4F72-B541-69025A5E6EB9}.debug|x86.ActiveCfg = Debug|Win32
		{8E428987-DAA4-4F72-B541-69025A5E6EB9}.debug|x86.Build.0 = Debug|Win32
		{8E428987-DAA4-4F72-B541-69025A5E6EB9}.release|x64.ActiveCfg = Release|x64
		{8E428987-DAA4-4F72-B541-69025A5E6EB9}.release|x64.Build.0 = Release|x64
		{8E428987-DAA4-4F72-B541-69025A5E6EB9}.release|x86.ActiveCfg = Release|Win32
		{8E428987-DAA4-4F72-B541-69025A5E6EB9}.release|x86.Build.0 = Release|Win32
		{97560842-44DD-46B5-9756-ED7D75D68EBB}.debug|x64.ActiveCfg = debug|x64
		{97560842-44DD-46B5-9756-ED7D75D68EBB}.debug|x64.Build.0 = debug|x64
		{97560842-44DD-46B5-9756-ED7D75D68EBB}.debug|x86.ActiveCfg = debug|Win32
		{97560842-44DD-46B5-9756-ED7D75D68EBB}.debug|x86.Build.0 = debug|Win32
		{97560842-44DD-46B5-9756-ED7D75D68EBB}.release|x64.ActiveCfg = release|x64
		{97560842-44DD-46B5-9756-ED7D75D68EBB}.release|x64.Build.0 = release|x64
		{97560842-44DD-46B5-9756-ED7D75D68EBB}.release|x86.ActiveCfg = release|Win32
		{97560842-44DD-46B5-9756-ED7D75D68EBB}.release|x86.Build.0 = release|Win32
	EndGlobalSection
	GlobalSection(SolutionProperties) = preSolution
		HideSolutionNode = FALSE
	EndGlobalSection
	GlobalSection(ExtensibilityGlobals) = postSolution
		SolutionGuid = {A5537792-5363-4409-8D44-44841B73852B}
	EndGlobalSection
EndGlobal
