<?xml version="1.0" encoding="utf-8"?>
<Project ToolsVersion="4.0" xmlns="http://schemas.microsoft.com/developer/msbuild/2003">
  <ItemGroup>
    <ClCompile Include="src\chat_message.cpp" />
    <ClCompile Include="src\connection.cpp" />
    <ClCompile Include="src\main.cpp" />
    <ClCompile Include="src\packet.cpp" />
    <ClCompile Include="src\packet_manager.cpp" />
    <ClCompile Include="src\server.cpp" />
  </ItemGroup>
  <ItemGroup>
    <ClInclude Include="src\chat_message.h" />
    <ClInclude Include="src\connection.h" />
    <ClInclude Include="src\packet.h" />
    <ClInclude Include="src\packet_manager.h" />
    <ClInclude Include="src\server.h" />
  </ItemGroup>
</Project>