<?xml version="1.0" encoding="utf-8"?>
<Project ToolsVersion="4.0" xmlns="http://schemas.microsoft.com/developer/msbuild/2003">
  <ItemGroup>
    <Filter Include="shaders">
      <UniqueIdentifier>{105da953-ac5f-40ab-bb72-5565dd929577}</UniqueIdentifier>
    </Filter>
  </ItemGroup>
  <ItemGroup>
    <FxCompile Include="src\shaders\default_ps.hlsl">
      <Filter>shaders</Filter>
    </FxCompile>
    <FxCompile Include="src\shaders\default_vs.hlsl">
      <Filter>shaders</Filter>
    </FxCompile>
    <FxCompile Include="src\shaders\font_ps.hlsl">
      <Filter>shaders</Filter>
    </FxCompile>
    <FxCompile Include="src\shaders\font_vs.hlsl">
      <Filter>shaders</Filter>
    </FxCompile>
  </ItemGroup>
  <ItemGroup>
    <ClCompile Include="src\main.cpp" />
  </ItemGroup>
</Project>