<?xml version="1.0" encoding="utf-8"?>
<Project ToolsVersion="4.0" xmlns="http://schemas.microsoft.com/developer/msbuild/2003">
  <ItemGroup>
    <Filter Include="core">
      <UniqueIdentifier>{23aad5b1-7feb-4f16-b3f5-5a2c93f53421}</UniqueIdentifier>
    </Filter>
    <Filter Include="core\graphics">
      <UniqueIdentifier>{34e9aa2c-509f-46af-8562-e1a13bd49ce4}</UniqueIdentifier>
    </Filter>
    <Filter Include="math">
      <UniqueIdentifier>{a44ca6d0-3d49-42eb-91bc-994ffa8508f3}</UniqueIdentifier>
    </Filter>
    <Filter Include="core\input">
      <UniqueIdentifier>{15aac44c-e8ed-40bf-ab00-a7b9300ae752}</UniqueIdentifier>
    </Filter>
  </ItemGroup>
  <ItemGroup>
    <ClInclude Include="$(MSBuildThisFileDirectory)stdafx_core.h" />
    <ClInclude Include="$(MSBuildThisFileDirectory)core\input\input.h">
      <Filter>core\input</Filter>
    </ClInclude>
    <ClInclude Include="$(MSBuildThisFileDirectory)core\component.h">
      <Filter>core</Filter>
    </ClInclude>
    <ClInclude Include="$(MSBuildThisFileDirectory)core\game_object.h">
      <Filter>core</Filter>
    </ClInclude>
    <ClInclude Include="$(MSBuildThisFileDirectory)core\scene.h">
      <Filter>core</Filter>
    </ClInclude>
    <ClInclude Include="$(MSBuildThisFileDirectory)core\transform.h">
      <Filter>core</Filter>
    </ClInclude>
    <ClInclude Include="$(MSBuildThisFileDirectory)math\color.h">
      <Filter>math</Filter>
    </ClInclude>
    <ClInclude Include="$(MSBuildThisFileDirectory)math\math.h">
      <Filter>math</Filter>
    </ClInclude>
    <ClInclude Include="$(MSBuildThisFileDirectory)math\quaternion.h">
      <Filter>math</Filter>
    </ClInclude>
    <ClInclude Include="$(MSBuildThisFileDirectory)math\vector.h">
      <Filter>math</Filter>
    </ClInclude>
    <ClInclude Include="$(MSBuildThisFileDirectory)math\matrix.h">
      <Filter>math</Filter>
    </ClInclude>
    <ClInclude Include="$(MSBuildThisFileDirectory)core\graphics\directx_manager.h">
      <Filter>core\graphics</Filter>
    </ClInclude>
    <ClInclude Include="$(MSBuildThisFileDirectory)core\graphics\font.h">
      <Filter>core\graphics</Filter>
    </ClInclude>
    <ClInclude Include="$(MSBuildThisFileDirectory)core\logger.h">
      <Filter>core</Filter>
    </ClInclude>
    <ClInclude Include="$(MSBuildThisFileDirectory)core\graphics\material.h">
      <Filter>core\graphics</Filter>
    </ClInclude>
    <ClInclude Include="$(MSBuildThisFileDirectory)core\graphics\mesh.h">
      <Filter>core\graphics</Filter>
    </ClInclude>
    <ClInclude Include="$(MSBuildThisFileDirectory)core\graphics\shader.h">
      <Filter>core\graphics</Filter>
    </ClInclude>
    <ClInclude Include="$(MSBuildThisFileDirectory)core\graphics\texture.h">
      <Filter>core\graphics</Filter>
    </ClInclude>
    <ClInclude Include="$(MSBuildThisFileDirectory)core\time.h">
      <Filter>core</Filter>
    </ClInclude>
    <ClInclude Include="$(MSBuildThisFileDirectory)core\graphics\vertex.h">
      <Filter>core\graphics</Filter>
    </ClInclude>
    <ClInclude Include="$(MSBuildThisFileDirectory)math\rectangle.h">
      <Filter>math</Filter>
    </ClInclude>
    <ClInclude Include="$(MSBuildThisFileDirectory)core\mesh_loader.h">
      <Filter>core</Filter>
    </ClInclude>
    <ClInclude Include="$(MSBuildThisFileDirectory)core\graphics\renderer.h">
      <Filter>core\graphics</Filter>
    </ClInclude>
    <ClInclude Include="$(MSBuildThisFileDirectory)core\graphics\text_mesh.h">
      <Filter>core\graphics</Filter>
    </ClInclude>
  </ItemGroup>
  <ItemGroup>
    <ClCompile Include="$(MSBuildThisFileDirectory)stdafx_core.cpp" />
    <ClCompile Include="$(MSBuildThisFileDirectory)core\input\input.cpp">
      <Filter>core\input</Filter>
    </ClCompile>
    <ClCompile Include="$(MSBuildThisFileDirectory)core\component.cpp">
      <Filter>core</Filter>
    </ClCompile>
    <ClCompile Include="$(MSBuildThisFileDirectory)core\game_object.cpp">
      <Filter>core</Filter>
    </ClCompile>
    <ClCompile Include="$(MSBuildThisFileDirectory)core\scene.cpp">
      <Filter>core</Filter>
    </ClCompile>
    <ClCompile Include="$(MSBuildThisFileDirectory)core\transform.cpp">
      <Filter>core</Filter>
    </ClCompile>
    <ClCompile Include="$(MSBuildThisFileDirectory)core\graphics\directx_manager.cpp">
      <Filter>core\graphics</Filter>
    </ClCompile>
    <ClCompile Include="$(MSBuildThisFileDirectory)core\graphics\font.cpp">
      <Filter>core\graphics</Filter>
    </ClCompile>
    <ClCompile Include="$(MSBuildThisFileDirectory)core\logger.cpp">
      <Filter>core</Filter>
    </ClCompile>
    <ClCompile Include="$(MSBuildThisFileDirectory)core\graphics\material.cpp">
      <Filter>core\graphics</Filter>
    </ClCompile>
    <ClCompile Include="$(MSBuildThisFileDirectory)core\graphics\mesh.cpp">
      <Filter>core\graphics</Filter>
    </ClCompile>
    <ClCompile Include="$(MSBuildThisFileDirectory)core\graphics\shader.cpp">
      <Filter>core\graphics</Filter>
    </ClCompile>
    <ClCompile Include="$(MSBuildThisFileDirectory)core\graphics\texture.cpp">
      <Filter>core\graphics</Filter>
    </ClCompile>
    <ClCompile Include="$(MSBuildThisFileDirectory)core\time.cpp">
      <Filter>core</Filter>
    </ClCompile>
    <ClCompile Include="$(MSBuildThisFileDirectory)core\mesh_loader.cpp">
      <Filter>core</Filter>
    </ClCompile>
    <ClCompile Include="$(MSBuildThisFileDirectory)core\graphics\renderer.cpp">
      <Filter>core\graphics</Filter>
    </ClCompile>
    <ClCompile Include="$(MSBuildThisFileDirectory)core\graphics\text_mesh.cpp">
      <Filter>core\graphics</Filter>
    </ClCompile>
  </ItemGroup>
</Project>